{
  "object": {
    "pins": [
      {
        "package": "Logger",
        "repositoryURL": "https://github.com/elegantchaos/Logger.git",
        "state": {
          "branch": null,
          "revision": "afcdf8587f5725bef0ab3ba97e28dcab77c5ec4f",
          "version": "1.5.0"
        }
      }
    ]
  },
  "version": 1
}
